
Microsoft Visual Studio Solution File, Format Version 12.00
# Visual Studio Version 16
VisualStudioVersion = 16.0.29728.190
MinimumVisualStudioVersion = 10.0.40219.1
Project("{FAE04EC0-301F-11D3-BF4B-00C04F79EFBC}") = "BMES.API", "BMES.API\BMES.API.csproj", "{BD733686-927A-4F44-9E93-F1D174E84503}"
EndProject
Global
	GlobalSection(SolutionConfigurationPlatforms) = preSolution
		Debug|Any CPU = Debug|Any CPU
		Release|Any CPU = Release|Any CPU
	EndGlobalSection
	GlobalSection(ProjectConfigurationPlatforms) = postSolution
		{BD733686-927A-4F44-9E93-F1D174E84503}.Debug|Any CPU.ActiveCfg = Debug|Any CPU
		{BD733686-927A-4F44-9E93-F1D174E84503}.Debug|Any CPU.Build.0 = Debug|Any CPU
		{BD733686-927A-4F44-9E93-F1D174E84503}.Release|Any CPU.ActiveCfg = Release|Any CPU
		{BD733686-927A-4F44-9E93-F1D174E84503}.Release|Any CPU.Build.0 = Release|Any CPU
	EndGlobalSection
	GlobalSection(SolutionProperties) = preSolution
		HideSolutionNode = FALSE
	EndGlobalSection
	GlobalSection(ExtensibilityGlobals) = postSolution
		SolutionGuid = {950D7BAF-EA6B-41A5-8B42-34C263C26336}
	EndGlobalSection
EndGlobal
